
Microsoft Visual Studio Solution File, Format Version 12.00
# Visual Studio Version 17
VisualStudioVersion = 17.5.33530.505
MinimumVisualStudioVersion = 10.0.40219.1
Project("{FAE04EC0-301F-11D3-BF4B-00C04F79EFBC}") = "OOP_lab4_2", "OOP_lab4_2.csproj", "{D7BDED14-4876-4DFC-96B1-0EAA24F1AA45}"
EndProject
Global
	GlobalSection(SolutionConfigurationPlatforms) = preSolution
		Debug|Any CPU = Debug|Any CPU
		Release|Any CPU = Release|Any CPU
	EndGlobalSection
	GlobalSection(ProjectConfigurationPlatforms) = postSolution
		{D7BDED14-4876-4DFC-96B1-0EAA24F1AA45}.Debug|Any CPU.ActiveCfg = Debug|Any CPU
		{D7BDED14-4876-4DFC-96B1-0EAA24F1AA45}.Debug|Any CPU.Build.0 = Debug|Any CPU
		{D7BDED14-4876-4DFC-96B1-0EAA24F1AA45}.Release|Any CPU.ActiveCfg = Release|Any CPU
		{D7BDED14-4876-4DFC-96B1-0EAA24F1AA45}.Release|Any CPU.Build.0 = Release|Any CPU
	EndGlobalSection
	GlobalSection(SolutionProperties) = preSolution
		HideSolutionNode = FALSE
	EndGlobalSection
	GlobalSection(ExtensibilityGlobals) = postSolution
		SolutionGuid = {3DFA947E-B03B-4842-9367-00E6EF6F7FAD}
	EndGlobalSection
EndGlobal
